
Microsoft Visual Studio Solution File, Format Version 12.00
# Visual Studio Version 16
VisualStudioVersion = 16.0.29215.179
MinimumVisualStudioVersion = 10.0.40219.1
Project("{FAE04EC0-301F-11D3-BF4B-00C04F79EFBC}") = "Threads_Example", "Threads_Example.csproj", "{AD25995D-231E-47F2-85C4-1E0609962F61}"
EndProject
Global
	GlobalSection(SolutionConfigurationPlatforms) = preSolution
		Debug|Any CPU = Debug|Any CPU
		Release|Any CPU = Release|Any CPU
	EndGlobalSection
	GlobalSection(ProjectConfigurationPlatforms) = postSolution
		{AD25995D-231E-47F2-85C4-1E0609962F61}.Debug|Any CPU.ActiveCfg = Debug|Any CPU
		{AD25995D-231E-47F2-85C4-1E0609962F61}.Debug|Any CPU.Build.0 = Debug|Any CPU
		{AD25995D-231E-47F2-85C4-1E0609962F61}.Release|Any CPU.ActiveCfg = Release|Any CPU
		{AD25995D-231E-47F2-85C4-1E0609962F61}.Release|Any CPU.Build.0 = Release|Any CPU
	EndGlobalSection
	GlobalSection(SolutionProperties) = preSolution
		HideSolutionNode = FALSE
	EndGlobalSection
	GlobalSection(ExtensibilityGlobals) = postSolution
		SolutionGuid = {A787F915-7674-40BB-A645-45A72FDAF8CC}
	EndGlobalSection
EndGlobal
